// !$*UTF8*$!
{
	archiveVersion = 1;
	classes = {
	};
	objectVersion = 46;
	objects = {

/* Begin PBXBuildFile section */
		9D78048B1A8D92CD00661FA9 /* main.m in Sources */ = {isa = PBXBuildFile; fileRef = 9D78048A1A8D92CD00661FA9 /* main.m */; };
		9D78048E1A8D92CD00661FA9 /* AppDelegate.m in Sources */ = {isa = PBXBuildFile; fileRef = 9D78048D1A8D92CD00661FA9 /* AppDelegate.m */; };
		9D7804911A8D92CD00661FA9 /* ViewController.m in Sources */ = {isa = PBXBuildFile; fileRef = 9D7804901A8D92CD00661FA9 /* ViewController.m */; };
		9D7804941A8D92CD00661FA9 /* Main.storyboard in Resources */ = {isa = PBXBuildFile; fileRef = 9D7804921A8D92CD00661FA9 /* Main.storyboard */; };
		9D7804961A8D92CD00661FA9 /* Images.xcassets in Resources */ = {isa = PBXBuildFile; fileRef = 9D7804951A8D92CD00661FA9 /* Images.xcassets */; };
		9D7804991A8D92CD00661FA9 /* LaunchScreen.xib in Resources */ = {isa = PBXBuildFile; fileRef = 9D7804971A8D92CD00661FA9 /* LaunchScreen.xib */; };
		9D7804A51A8D92CD00661FA9 /* CubesTests.m in Sources */ = {isa = PBXBuildFile; fileRef = 9D7804A41A8D92CD00661FA9 /* CubesTests.m */; };
/* End PBXBuildFile section */

/* Begin PBXContainerItemProxy section */
		9D78049F1A8D92CD00661FA9 /* PBXContainerItemProxy */ = {
			isa = PBXContainerItemProxy;
			containerPortal = 9D78047D1A8D92CD00661FA9 /* Project object */;
			proxyType = 1;
			remoteGlobalIDString = 9D7804841A8D92CD00661FA9;
			remoteInfo = Cubes;
		};
/* End PBXContainerItemProxy section */

/* Begin PBXFileReference section */
		9D7804851A8D92CD00661FA9 /* Cubes.app */ = {isa = PBXFileReference; explicitFileType = wrapper.application; includeInIndex = 0; path = Cubes.app; sourceTree = BUILT_PRODUCTS_DIR; };
		9D7804891A8D92CD00661FA9 /* Info.plist */ = {isa = PBXFileReference; lastKnownFileType = text.plist.xml; path = Info.plist; sourceTree = "<group>"; };
		9D78048A1A8D92CD00661FA9 /* main.m */ = {isa = PBXFileReference; lastKnownFileType = sourcecode.c.objc; path = main.m; sourceTree = "<group>"; };
		9D78048C1A8D92CD00661FA9 /* AppDelegate.h */ = {isa = PBXFileReference; lastKnownFileType = sourcecode.c.h; path = AppDelegate.h; sourceTree = "<group>"; };
		9D78048D1A8D92CD00661FA9 /* AppDelegate.m */ = {isa = PBXFileReference; lastKnownFileType = sourcecode.c.objc; path = AppDelegate.m; sourceTree = "<group>"; };
		9D78048F1A8D92CD00661FA9 /* ViewController.h */ = {isa = PBXFileReference; lastKnownFileType = sourcecode.c.h; path = ViewController.h; sourceTree = "<group>"; };
		9D7804901A8D92CD00661FA9 /* ViewController.m */ = {isa = PBXFileReference; lastKnownFileType = sourcecode.c.objc; path = ViewController.m; sourceTree = "<group>"; };
		9D7804931A8D92CD00661FA9 /* Base */ = {isa = PBXFileReference; lastKnownFileType = file.storyboard; name = Base; path = Base.lproj/Main.storyboard; sourceTree = "<group>"; };
		9D7804951A8D92CD00661FA9 /* Images.xcassets */ = {isa = PBXFileReference; lastKnownFileType = folder.assetcatalog; path = Images.xcassets; sourceTree = "<group>"; };
		9D7804981A8D92CD00661FA9 /* Base */ = {isa = PBXFileReference; lastKnownFileType = file.xib; name = Base; path = Base.lproj/LaunchScreen.xib; sourceTree = "<group>"; };
		9D78049E1A8D92CD00661FA9 /* CubesTests.xctest */ = {isa = PBXFileReference; explicitFileType = wrapper.cfbundle; includeInIndex = 0; path = CubesTests.xctest; sourceTree = BUILT_PRODUCTS_DIR; };
		9D7804A31A8D92CD00661FA9 /* Info.plist */ = {isa = PBXFileReference; lastKnownFileType = text.plist.xml; path = Info.plist; sourceTree = "<group>"; };
		9D7804A41A8D92CD00661FA9 /* CubesTests.m */ = {isa = PBXFileReference; lastKnownFileType = sourcecode.c.objc; path = CubesTests.m; sourceTree = "<group>"; };
/* End PBXFileReference section */

/* Begin PBXFrameworksBuildPhase section */
		9D7804821A8D92CD00661FA9 /* Frameworks */ = {
			isa = PBXFrameworksBuildPhase;
			buildActionMask = 2147483647;
			files = (
			);
			runOnlyForDeploymentPostprocessing = 0;
		};
		9D78049B1A8D92CD00661FA9 /* Frameworks */ = {
			isa = PBXFrameworksBuildPhase;
			buildActionMask = 2147483647;
			files = (
			);
			runOnlyForDeploymentPostprocessing = 0;
		};
/* End PBXFrameworksBuildPhase section */

/* Begin PBXGroup section */
		9D78047C1A8D92CD00661FA9 = {
			isa = PBXGroup;
			children = (
				9D7804871A8D92CD00661FA9 /* Cubes */,
				9D7804A11A8D92CD00661FA9 /* CubesTests */,
				9D7804861A8D92CD00661FA9 /* Products */,
			);
			sourceTree = "<group>";
		};
		9D7804861A8D92CD00661FA9 /* Products */ = {
			isa = PBXGroup;
			children = (
				9D7804851A8D92CD00661FA9 /* Cubes.app */,
				9D78049E1A8D92CD00661FA9 /* CubesTests.xctest */,
			);
			name = Products;
			sourceTree = "<group>";
		};
		9D7804871A8D92CD00661FA9 /* Cubes */ = {
			isa = PBXGroup;
			children = (
				9D78048C1A8D92CD00661FA9 /* AppDelegate.h */,
				9D78048D1A8D92CD00661FA9 /* AppDelegate.m */,
				9D78048F1A8D92CD00661FA9 /* ViewController.h */,
				9D7804901A8D92CD00661FA9 /* ViewController.m */,
				9D7804921A8D92CD00661FA9 /* Main.storyboard */,
				9D7804951A8D92CD00661FA9 /* Images.xcassets */,
				9D7804971A8D92CD00661FA9 /* LaunchScreen.xib */,
				9D7804881A8D92CD00661FA9 /* Supporting Files */,
			);
			path = Cubes;
			sourceTree = "<group>";
		};
		9D7804881A8D92CD00661FA9 /* Supporting Files */ = {
			isa = PBXGroup;
			children = (
				9D7804891A8D92CD00661FA9 /* Info.plist */,
				9D78048A1A8D92CD00661FA9 /* main.m */,
			);
			name = "Supporting Files";
			sourceTree = "<group>";
		};
		9D7804A11A8D92CD00661FA9 /* CubesTests */ = {
			isa = PBXGroup;
			children = (
				9D7804A41A8D92CD00661FA9 /* CubesTests.m */,
				9D7804A21A8D92CD00661FA9 /* Supporting Files */,
			);
			path = CubesTests;
			sourceTree = "<group>";
		};
		9D7804A21A8D92CD00661FA9 /* Supporting Files */ = {
			isa = PBXGroup;
			children = (
				9D7804A31A8D92CD00661FA9 /* Info.plist */,
			);
			name = "Supporting Files";
			sourceTree = "<group>";
		};
/* End PBXGroup section */

/* Begin PBXNativeTarget section */
		9D7804841A8D92CD00661FA9 /* Cubes */ = {
			isa = PBXNativeTarget;
			buildConfigurationList = 9D7804A81A8D92CD00661FA9 /* Build configuration list for PBXNativeTarget "Cubes" */;
			buildPhases = (
				9D7804811A8D92CD00661FA9 /* Sources */,
				9D7804821A8D92CD00661FA9 /* Frameworks */,
				9D7804831A8D92CD00661FA9 /* Resources */,
			);
			buildRules = (
			);
			dependencies = (
			);
			name = Cubes;
			productName = Cubes;
			productReference = 9D7804851A8D92CD00661FA9 /* Cubes.app */;
			productType = "com.apple.product-type.application";
		};
		9D78049D1A8D92CD00661FA9 /* CubesTests */ = {
			isa = PBXNativeTarget;
			buildConfigurationList = 9D7804AB1A8D92CD00661FA9 /* Build configuration list for PBXNativeTarget "CubesTests" */;
			buildPhases = (
				9D78049A1A8D92CD00661FA9 /* Sources */,
				9D78049B1A8D92CD00661FA9 /* Frameworks */,
				9D78049C1A8D92CD00661FA9 /* Resources */,
			);
			buildRules = (
			);
			dependencies = (
				9D7804A01A8D92CD00661FA9 /* PBXTargetDependency */,
			);
			name = CubesTests;
			productName = CubesTests;
			productReference = 9D78049E1A8D92CD00661FA9 /* CubesTests.xctest */;
			productType = "com.apple.product-type.bundle.unit-test";
		};
/* End PBXNativeTarget section */

/* Begin PBXProject section */
		9D78047D1A8D92CD00661FA9 /* Project object */ = {
			isa = PBXProject;
			attributes = {
				LastUpgradeCheck = 0610;
				ORGANIZATIONNAME = "Open Reel Software";
				TargetAttributes = {
					9D7804841A8D92CD00661FA9 = {
						CreatedOnToolsVersion = 6.1.1;
					};
					9D78049D1A8D92CD00661FA9 = {
						CreatedOnToolsVersion = 6.1.1;
						TestTargetID = 9D7804841A8D92CD00661FA9;
					};
				};
			};
			buildConfigurationList = 9D7804801A8D92CD00661FA9 /* Build configuration list for PBXProject "Cubes" */;
			compatibilityVersion = "Xcode 3.2";
			developmentRegion = English;
			hasScannedForEncodings = 0;
			knownRegions = (
				en,
				Base,
			);
			mainGroup = 9D78047C1A8D92CD00661FA9;
			productRefGroup = 9D7804861A8D92CD00661FA9 /* Products */;
			projectDirPath = "";
			projectRoot = "";
			targets = (
				9D7804841A8D92CD00661FA9 /* Cubes */,
				9D78049D1A8D92CD00661FA9 /* CubesTests */,
			);
		};
/* End PBXProject section */

/* Begin PBXResourcesBuildPhase section */
		9D7804831A8D92CD00661FA9 /* Resources */ = {
			isa = PBXResourcesBuildPhase;
			buildActionMask = 2147483647;
			files = (
				9D7804941A8D92CD00661FA9 /* Main.storyboard in Resources */,
				9D7804991A8D92CD00661FA9 /* LaunchScreen.xib in Resources */,
				9D7804961A8D92CD00661FA9 /* Images.xcassets in Resources */,
			);
			runOnlyForDeploymentPostprocessing = 0;
		};
		9D78049C1A8D92CD00661FA9 /* Resources */ = {
			isa = PBXResourcesBuildPhase;
			buildActionMask = 2147483647;
			files = (
			);
			runOnlyForDeploymentPostprocessing = 0;
		};
/* End PBXResourcesBuildPhase section */

/* Begin PBXSourcesBuildPhase section */
		9D7804811A8D92CD00661FA9 /* Sources */ = {
			isa = PBXSourcesBuildPhase;
			buildActionMask = 2147483647;
			files = (
				9D7804911A8D92CD00661FA9 /* ViewController.m in Sources */,
				9D78048E1A8D92CD00661FA9 /* AppDelegate.m in Sources */,
				9D78048B1A8D92CD00661FA9 /* main.m in Sources */,
			);
			runOnlyForDeploymentPostprocessing = 0;
		};
		9D78049A1A8D92CD00661FA9 /* Sources */ = {
			isa = PBXSourcesBuildPhase;
			buildActionMask = 2147483647;
			files = (
				9D7804A51A8D92CD00661FA9 /* CubesTests.m in Sources */,
			);
			runOnlyForDeploymentPostprocessing = 0;
		};
/* End PBXSourcesBuildPhase section */

/* Begin PBXTargetDependency section */
		9D7804A01A8D92CD00661FA9 /* PBXTargetDependency */ = {
			isa = PBXTargetDependency;
			target = 9D7804841A8D92CD00661FA9 /* Cubes */;
			targetProxy = 9D78049F1A8D92CD00661FA9 /* PBXContainerItemProxy */;
		};
/* End PBXTargetDependency section */

/* Begin PBXVariantGroup section */
		9D7804921A8D92CD00661FA9 /* Main.storyboard */ = {
			isa = PBXVariantGroup;
			children = (
				9D7804931A8D92CD00661FA9 /* Base */,
			);
			name = Main.storyboard;
			sourceTree = "<group>";
		};
		9D7804971A8D92CD00661FA9 /* LaunchScreen.xib */ = {
			isa = PBXVariantGroup;
			children = (
				9D7804981A8D92CD00661FA9 /* Base */,
			);
			name = LaunchScreen.xib;
			sourceTree = "<group>";
		};
/* End PBXVariantGroup section */

/* Begin XCBuildConfiguration section */
		9D7804A61A8D92CD00661FA9 /* Debug */ = {
			isa = XCBuildConfiguration;
			buildSettings = {
				ALWAYS_SEARCH_USER_PATHS = NO;
				CLANG_CXX_LANGUAGE_STANDARD = "gnu++0x";
				CLANG_CXX_LIBRARY = "libc++";
				CLANG_ENABLE_MODULES = YES;
				CLANG_ENABLE_OBJC_ARC = YES;
				CLANG_WARN_BOOL_CONVERSION = YES;
				CLANG_WARN_CONSTANT_CONVERSION = YES;
				CLANG_WARN_DIRECT_OBJC_ISA_USAGE = YES_ERROR;
				CLANG_WARN_EMPTY_BODY = YES;
				CLANG_WARN_ENUM_CONVERSION = YES;
				CLANG_WARN_INT_CONVERSION = YES;
				CLANG_WARN_OBJC_ROOT_CLASS = YES_ERROR;
				CLANG_WARN_UNREACHABLE_CODE = YES;
				CLANG_WARN__DUPLICATE_METHOD_MATCH = YES;
				"CODE_SIGN_IDENTITY[sdk=iphoneos*]" = "iPhone Developer";
				COPY_PHASE_STRIP = NO;
				ENABLE_STRICT_OBJC_MSGSEND = YES;
				GCC_C_LANGUAGE_STANDARD = gnu99;
				GCC_DYNAMIC_NO_PIC = NO;
				GCC_OPTIMIZATION_LEVEL = 0;
				GCC_PREPROCESSOR_DEFINITIONS = (
					"DEBUG=1",
					"$(inherited)",
				);
				GCC_SYMBOLS_PRIVATE_EXTERN = NO;
				GCC_WARN_64_TO_32_BIT_CONVERSION = YES;
				GCC_WARN_ABOUT_RETURN_TYPE = YES_ERROR;
				GCC_WARN_UNDECLARED_SELECTOR = YES;
				GCC_WARN_UNINITIALIZED_AUTOS = YES_AGGRESSIVE;
				GCC_WARN_UNUSED_FUNCTION = YES;
				GCC_WARN_UNUSED_VARIABLE = YES;
				IPHONEOS_DEPLOYMENT_TARGET = 8.1;
				MTL_ENABLE_DEBUG_INFO = YES;
				ONLY_ACTIVE_ARCH = YES;
				SDKROOT = iphoneos;
			};
			name = Debug;
		};
		9D7804A71A8D92CD00661FA9 /* Release */ = {
			isa = XCBuildConfiguration;
			buildSettings = {
				ALWAYS_SEARCH_USER_PATHS = NO;
				CLANG_CXX_LANGUAGE_STANDARD = "gnu++0x";
				CLANG_CXX_LIBRARY = "libc++";
				CLANG_ENABLE_MODULES = YES;
				CLANG_ENABLE_OBJC_ARC = YES;
				CLANG_WARN_BOOL_CONVERSION = YES;
				CLANG_WARN_CONSTANT_CONVERSION = YES;
				CLANG_WARN_DIRECT_OBJC_ISA_USAGE = YES_ERROR;
				CLANG_WARN_EMPTY_BODY = YES;
				CLANG_WARN_ENUM_CONVERSION = YES;
				CLANG_WARN_INT_CONVERSION = YES;
				CLANG_WARN_OBJC_ROOT_CLASS = YES_ERROR;
				CLANG_WARN_UNREACHABLE_CODE = YES;
				CLANG_WARN__DUPLICATE_METHOD_MATCH = YES;
				"CODE_SIGN_IDENTITY[sdk=iphoneos*]" = "iPhone Developer";
				COPY_PHASE_STRIP = YES;
				ENABLE_NS_ASSERTIONS = NO;
				ENABLE_STRICT_OBJC_MSGSEND = YES;
				GCC_C_LANGUAGE_STANDARD = gnu99;
				GCC_WARN_64_TO_32_BIT_CONVERSION = YES;
				GCC_WARN_ABOUT_RETURN_TYPE = YES_ERROR;
				GCC_WARN_UNDECLARED_SELECTOR = YES;
				GCC_WARN_UNINITIALIZED_AUTOS = YES_AGGRESSIVE;
				GCC_WARN_UNUSED_FUNCTION = YES;
				GCC_WARN_UNUSED_VARIABLE = YES;
				IPHONEOS_DEPLOYMENT_TARGET = 8.1;
				MTL_ENABLE_DEBUG_INFO = NO;
				SDKROOT = iphoneos;
				VALIDATE_PRODUCT = YES;
			};
			name = Release;
		};
		9D7804A91A8D92CD00661FA9 /* Debug */ = {
			isa = XCBuildConfiguration;
			buildSettings = {
				ASSETCATALOG_COMPILER_APPICON_NAME = AppIcon;
				INFOPLIST_FILE = Cubes/Info.plist;
				LD_RUNPATH_SEARCH_PATHS = "$(inherited) @executable_path/Frameworks";
				PRODUCT_NAME = "$(TARGET_NAME)";
			};
			name = Debug;
		};
		9D7804AA1A8D92CD00661FA9 /* Release */ = {
			isa = XCBuildConfiguration;
			buildSettings = {
				ASSETCATALOG_COMPILER_APPICON_NAME = AppIcon;
				INFOPLIST_FILE = Cubes/Info.plist;
				LD_RUNPATH_SEARCH_PATHS = "$(inherited) @executable_path/Frameworks";
				PRODUCT_NAME = "$(TARGET_NAME)";
			};
			name = Release;
		};
		9D7804AC1A8D92CD00661FA9 /* Debug */ = {
			isa = XCBuildConfiguration;
			buildSettings = {
				BUNDLE_LOADER = "$(TEST_HOST)";
				FRAMEWORK_SEARCH_PATHS = (
					"$(SDKROOT)/Developer/Library/Frameworks",
					"$(inherited)",
				);
				GCC_PREPROCESSOR_DEFINITIONS = (
					"DEBUG=1",
					"$(inherited)",
				);
				INFOPLIST_FILE = CubesTests/Info.plist;
				LD_RUNPATH_SEARCH_PATHS = "$(inherited) @executable_path/Frameworks @loader_path/Frameworks";
				PRODUCT_NAME = "$(TARGET_NAME)";
				TEST_HOST = "$(BUILT_PRODUCTS_DIR)/Cubes.app/Cubes";
			};
			name = Debug;
		};
		9D7804AD1A8D92CD00661FA9 /* Release */ = {
			isa = XCBuildConfiguration;
			buildSettings = {
				BUNDLE_LOADER = "$(TEST_HOST)";
				FRAMEWORK_SEARCH_PATHS = (
					"$(SDKROOT)/Developer/Library/Frameworks",
					"$(inherited)",
				);
				INFOPLIST_FILE = CubesTests/Info.plist;
				LD_RUNPATH_SEARCH_PATHS = "$(inherited) @executable_path/Frameworks @loader_path/Frameworks";
				PRODUCT_NAME = "$(TARGET_NAME)";
				TEST_HOST = "$(BUILT_PRODUCTS_DIR)/Cubes.app/Cubes";
			};
			name = Release;
		};
/* End XCBuildConfiguration section */

/* Begin XCConfigurationList section */
		9D7804801A8D92CD00661FA9 /* Build configuration list for PBXProject "Cubes" */ = {
			isa = XCConfigurationList;
			buildConfigurations = (
				9D7804A61A8D92CD00661FA9 /* Debug */,
				9D7804A71A8D92CD00661FA9 /* Release */,
			);
			defaultConfigurationIsVisible = 0;
			defaultConfigurationName = Release;
		};
		9D7804A81A8D92CD00661FA9 /* Build configuration list for PBXNativeTarget "Cubes" */ = {
			isa = XCConfigurationList;
			buildConfigurations = (
				9D7804A91A8D92CD00661FA9 /* Debug */,
				9D7804AA1A8D92CD00661FA9 /* Release */,
			);
			defaultConfigurationIsVisible = 0;
		};
		9D7804AB1A8D92CD00661FA9 /* Build configuration list for PBXNativeTarget "CubesTests" */ = {
			isa = XCConfigurationList;
			buildConfigurations = (
				9D7804AC1A8D92CD00661FA9 /* Debug */,
				9D7804AD1A8D92CD00661FA9 /* Release */,
			);
			defaultConfigurationIsVisible = 0;
		};
/* End XCConfigurationList section */
	};
	rootObject = 9D78047D1A8D92CD00661FA9 /* Project object */;
}
